
Microsoft Visual Studio Solution File, Format Version 12.00
# Visual Studio Version 17
VisualStudioVersion = 17.12.35527.113
MinimumVisualStudioVersion = 10.0.40219.1
Project("{FAE04EC0-301F-11D3-BF4B-00C04F79EFBC}") = "PracticeEF_20250301", "PracticeEF_20250301\PracticeEF_20250301.csproj", "{6E86AE43-6C7D-40AB-96E6-898BEBE3558E}"
EndProject
Project("{FAE04EC0-301F-11D3-BF4B-00C04F79EFBC}") = "Task2_practice_fluent_API", "Task2_practice_fluent_API\Task2_practice_fluent_API.csproj", "{6B5F742F-A97F-47CA-B504-25E3DD801127}"
EndProject
Project("{FAE04EC0-301F-11D3-BF4B-00C04F79EFBC}") = "Task3_practiceEF", "Task3_practiceEF\Task3_practiceEF.csproj", "{94F93F28-55CC-4ED7-BECE-407FB583DF95}"
EndProject
Global
	GlobalSection(SolutionConfigurationPlatforms) = preSolution
		Debug|Any CPU = Debug|Any CPU
		Release|Any CPU = Release|Any CPU
	EndGlobalSection
	GlobalSection(ProjectConfigurationPlatforms) = postSolution
		{6E86AE43-6C7D-40AB-96E6-898BEBE3558E}.Debug|Any CPU.ActiveCfg = Debug|Any CPU
		{6E86AE43-6C7D-40AB-96E6-898BEBE3558E}.Debug|Any CPU.Build.0 = Debug|Any CPU
		{6E86AE43-6C7D-40AB-96E6-898BEBE3558E}.Release|Any CPU.ActiveCfg = Release|Any CPU
		{6E86AE43-6C7D-40AB-96E6-898BEBE3558E}.Release|Any CPU.Build.0 = Release|Any CPU
		{6B5F742F-A97F-47CA-B504-25E3DD801127}.Debug|Any CPU.ActiveCfg = Debug|Any CPU
		{6B5F742F-A97F-47CA-B504-25E3DD801127}.Debug|Any CPU.Build.0 = Debug|Any CPU
		{6B5F742F-A97F-47CA-B504-25E3DD801127}.Release|Any CPU.ActiveCfg = Release|Any CPU
		{6B5F742F-A97F-47CA-B504-25E3DD801127}.Release|Any CPU.Build.0 = Release|Any CPU
		{94F93F28-55CC-4ED7-BECE-407FB583DF95}.Debug|Any CPU.ActiveCfg = Debug|Any CPU
		{94F93F28-55CC-4ED7-BECE-407FB583DF95}.Debug|Any CPU.Build.0 = Debug|Any CPU
		{94F93F28-55CC-4ED7-BECE-407FB583DF95}.Release|Any CPU.ActiveCfg = Release|Any CPU
		{94F93F28-55CC-4ED7-BECE-407FB583DF95}.Release|Any CPU.Build.0 = Release|Any CPU
	EndGlobalSection
	GlobalSection(SolutionProperties) = preSolution
		HideSolutionNode = FALSE
	EndGlobalSection
EndGlobal
