
Microsoft Visual Studio Solution File, Format Version 12.00
# Visual Studio Version 17
VisualStudioVersion = 17.12.35527.113
MinimumVisualStudioVersion = 10.0.40219.1
Project("{FAE04EC0-301F-11D3-BF4B-00C04F79EFBC}") = "PracticeEF_20250301", "PracticeEF_20250301\PracticeEF_20250301.csproj", "{6E86AE43-6C7D-40AB-96E6-898BEBE3558E}"
EndProject
Project("{FAE04EC0-301F-11D3-BF4B-00C04F79EFBC}") = "Task2_practice_fluent_API", "Task2_practice_fluent_API\Task2_practice_fluent_API.csproj", "{6B5F742F-A97F-47CA-B504-25E3DD801127}"
EndProject
Project("{FAE04EC0-301F-11D3-BF4B-00C04F79EFBC}") = "Task3_practiceEF", "Task3_practiceEF\Task3_practiceEF.csproj", "{94F93F28-55CC-4ED7-BECE-407FB583DF95}"
EndProject
Project("{FAE04EC0-301F-11D3-BF4B-00C04F79EFBC}") = "Task4_20250303", "Task4_20250303\Task4_20250303.csproj", "{DF9C3F5E-FB7E-47CD-B403-7FBA01A1337A}"
EndProject
Project("{FAE04EC0-301F-11D3-BF4B-00C04F79EFBC}") = "Task5_20250305", "Task5_20250305\Task5_20250305.csproj", "{24822355-A553-4AC2-A3B5-1422BE5C0CEE}"
EndProject
Project("{FAE04EC0-301F-11D3-BF4B-00C04F79EFBC}") = "Task6_20250306", "Task6_20250306\Task6_20250306.csproj", "{7040424F-969B-4C5E-8515-D9625DE36E3F}"
EndProject
Project("{FAE04EC0-301F-11D3-BF4B-00C04F79EFBC}") = "Task7_20250306", "Task7_20250306\Task7_20250306.csproj", "{283F21C6-C260-46A4-98CD-8EE42B6307BA}"
EndProject
Project("{FAE04EC0-301F-11D3-BF4B-00C04F79EFBC}") = "Task8_20250306", "Task8_20250306\Task8_20250306.csproj", "{2A32251A-B580-4B2C-B762-1480995B16C0}"
EndProject
Project("{FAE04EC0-301F-11D3-BF4B-00C04F79EFBC}") = "Task9_20250308", "Task9_20250308\Task9_20250308.csproj", "{4D600581-EAC1-4220-AE1D-7A99497E80D2}"
EndProject
Project("{FAE04EC0-301F-11D3-BF4B-00C04F79EFBC}") = "Task10_20250310", "Task10_20250310\Task10_20250310.csproj", "{4E3849DD-6CBF-43DD-BDD4-9234D43EDC0C}"
EndProject
Project("{FAE04EC0-301F-11D3-BF4B-00C04F79EFBC}") = "Task11_20250311", "Task11_20250311\Task11_20250311.csproj", "{C7002BDC-3E7B-4CD1-822F-D9944BBB2478}"
EndProject
Project("{FAE04EC0-301F-11D3-BF4B-00C04F79EFBC}") = "Task12_20250313", "Task12_20250313\Task12_20250313.csproj", "{420F50D8-4D87-43E4-98D5-C1F95F48F346}"
EndProject
Project("{FAE04EC0-301F-11D3-BF4B-00C04F79EFBC}") = "Task13_20250313", "Task13_20250313\Task13_20250313.csproj", "{50AC0B17-B7ED-436D-AD96-7BF6C648F914}"
EndProject
Project("{FAE04EC0-301F-11D3-BF4B-00C04F79EFBC}") = "Task14_20250315", "Task14_20250315\Task14_20250315.csproj", "{FBCAF1BB-B6F7-4600-852C-94802860C1AB}"
EndProject
Project("{FAE04EC0-301F-11D3-BF4B-00C04F79EFBC}") = "Task15_20250316", "Task15_20250316\Task15_20250316.csproj", "{CD33C3B3-74AC-4356-BB50-68F03BE10809}"
EndProject
Project("{FAE04EC0-301F-11D3-BF4B-00C04F79EFBC}") = "Task16_20250322", "Task16_20250322\Task16_20250322.csproj", "{0F00CA17-EC2A-4B75-B47E-3B8B6094C180}"
EndProject
Project("{FAE04EC0-301F-11D3-BF4B-00C04F79EFBC}") = "Task17_20250322", "Task17_20250322\Task17_20250322.csproj", "{2B097433-A9E4-41EE-AFF6-749945BEB27F}"
EndProject
Project("{FAE04EC0-301F-11D3-BF4B-00C04F79EFBC}") = "Task18_20250328", "Task18_20250328\Task18_20250328.csproj", "{C465EAE8-5A36-42B4-A82D-F707817D70EB}"
EndProject
Project("{FAE04EC0-301F-11D3-BF4B-00C04F79EFBC}") = "Task19_20250328", "Task19_20250328\Task19_20250328.csproj", "{D6C450AF-A254-4C04-BD1C-9125F8716EAB}"
EndProject
Global
	GlobalSection(SolutionConfigurationPlatforms) = preSolution
		Debug|Any CPU = Debug|Any CPU
		Release|Any CPU = Release|Any CPU
	EndGlobalSection
	GlobalSection(ProjectConfigurationPlatforms) = postSolution
		{6E86AE43-6C7D-40AB-96E6-898BEBE3558E}.Debug|Any CPU.ActiveCfg = Debug|Any CPU
		{6E86AE43-6C7D-40AB-96E6-898BEBE3558E}.Debug|Any CPU.Build.0 = Debug|Any CPU
		{6E86AE43-6C7D-40AB-96E6-898BEBE3558E}.Release|Any CPU.ActiveCfg = Release|Any CPU
		{6E86AE43-6C7D-40AB-96E6-898BEBE3558E}.Release|Any CPU.Build.0 = Release|Any CPU
		{6B5F742F-A97F-47CA-B504-25E3DD801127}.Debug|Any CPU.ActiveCfg = Debug|Any CPU
		{6B5F742F-A97F-47CA-B504-25E3DD801127}.Debug|Any CPU.Build.0 = Debug|Any CPU
		{6B5F742F-A97F-47CA-B504-25E3DD801127}.Release|Any CPU.ActiveCfg = Release|Any CPU
		{6B5F742F-A97F-47CA-B504-25E3DD801127}.Release|Any CPU.Build.0 = Release|Any CPU
		{94F93F28-55CC-4ED7-BECE-407FB583DF95}.Debug|Any CPU.ActiveCfg = Debug|Any CPU
		{94F93F28-55CC-4ED7-BECE-407FB583DF95}.Debug|Any CPU.Build.0 = Debug|Any CPU
		{94F93F28-55CC-4ED7-BECE-407FB583DF95}.Release|Any CPU.ActiveCfg = Release|Any CPU
		{94F93F28-55CC-4ED7-BECE-407FB583DF95}.Release|Any CPU.Build.0 = Release|Any CPU
		{DF9C3F5E-FB7E-47CD-B403-7FBA01A1337A}.Debug|Any CPU.ActiveCfg = Debug|Any CPU
		{DF9C3F5E-FB7E-47CD-B403-7FBA01A1337A}.Debug|Any CPU.Build.0 = Debug|Any CPU
		{DF9C3F5E-FB7E-47CD-B403-7FBA01A1337A}.Release|Any CPU.ActiveCfg = Release|Any CPU
		{DF9C3F5E-FB7E-47CD-B403-7FBA01A1337A}.Release|Any CPU.Build.0 = Release|Any CPU
		{24822355-A553-4AC2-A3B5-1422BE5C0CEE}.Debug|Any CPU.ActiveCfg = Debug|Any CPU
		{24822355-A553-4AC2-A3B5-1422BE5C0CEE}.Debug|Any CPU.Build.0 = Debug|Any CPU
		{24822355-A553-4AC2-A3B5-1422BE5C0CEE}.Release|Any CPU.ActiveCfg = Release|Any CPU
		{24822355-A553-4AC2-A3B5-1422BE5C0CEE}.Release|Any CPU.Build.0 = Release|Any CPU
		{7040424F-969B-4C5E-8515-D9625DE36E3F}.Debug|Any CPU.ActiveCfg = Debug|Any CPU
		{7040424F-969B-4C5E-8515-D9625DE36E3F}.Debug|Any CPU.Build.0 = Debug|Any CPU
		{7040424F-969B-4C5E-8515-D9625DE36E3F}.Release|Any CPU.ActiveCfg = Release|Any CPU
		{7040424F-969B-4C5E-8515-D9625DE36E3F}.Release|Any CPU.Build.0 = Release|Any CPU
		{283F21C6-C260-46A4-98CD-8EE42B6307BA}.Debug|Any CPU.ActiveCfg = Debug|Any CPU
		{283F21C6-C260-46A4-98CD-8EE42B6307BA}.Debug|Any CPU.Build.0 = Debug|Any CPU
		{283F21C6-C260-46A4-98CD-8EE42B6307BA}.Release|Any CPU.ActiveCfg = Release|Any CPU
		{283F21C6-C260-46A4-98CD-8EE42B6307BA}.Release|Any CPU.Build.0 = Release|Any CPU
		{2A32251A-B580-4B2C-B762-1480995B16C0}.Debug|Any CPU.ActiveCfg = Debug|Any CPU
		{2A32251A-B580-4B2C-B762-1480995B16C0}.Debug|Any CPU.Build.0 = Debug|Any CPU
		{2A32251A-B580-4B2C-B762-1480995B16C0}.Release|Any CPU.ActiveCfg = Release|Any CPU
		{2A32251A-B580-4B2C-B762-1480995B16C0}.Release|Any CPU.Build.0 = Release|Any CPU
		{4D600581-EAC1-4220-AE1D-7A99497E80D2}.Debug|Any CPU.ActiveCfg = Debug|Any CPU
		{4D600581-EAC1-4220-AE1D-7A99497E80D2}.Debug|Any CPU.Build.0 = Debug|Any CPU
		{4D600581-EAC1-4220-AE1D-7A99497E80D2}.Release|Any CPU.ActiveCfg = Release|Any CPU
		{4D600581-EAC1-4220-AE1D-7A99497E80D2}.Release|Any CPU.Build.0 = Release|Any CPU
		{4E3849DD-6CBF-43DD-BDD4-9234D43EDC0C}.Debug|Any CPU.ActiveCfg = Debug|Any CPU
		{4E3849DD-6CBF-43DD-BDD4-9234D43EDC0C}.Debug|Any CPU.Build.0 = Debug|Any CPU
		{4E3849DD-6CBF-43DD-BDD4-9234D43EDC0C}.Release|Any CPU.ActiveCfg = Release|Any CPU
		{4E3849DD-6CBF-43DD-BDD4-9234D43EDC0C}.Release|Any CPU.Build.0 = Release|Any CPU
		{C7002BDC-3E7B-4CD1-822F-D9944BBB2478}.Debug|Any CPU.ActiveCfg = Debug|Any CPU
		{C7002BDC-3E7B-4CD1-822F-D9944BBB2478}.Debug|Any CPU.Build.0 = Debug|Any CPU
		{C7002BDC-3E7B-4CD1-822F-D9944BBB2478}.Release|Any CPU.ActiveCfg = Release|Any CPU
		{C7002BDC-3E7B-4CD1-822F-D9944BBB2478}.Release|Any CPU.Build.0 = Release|Any CPU
		{420F50D8-4D87-43E4-98D5-C1F95F48F346}.Debug|Any CPU.ActiveCfg = Debug|Any CPU
		{420F50D8-4D87-43E4-98D5-C1F95F48F346}.Debug|Any CPU.Build.0 = Debug|Any CPU
		{420F50D8-4D87-43E4-98D5-C1F95F48F346}.Release|Any CPU.ActiveCfg = Release|Any CPU
		{420F50D8-4D87-43E4-98D5-C1F95F48F346}.Release|Any CPU.Build.0 = Release|Any CPU
		{50AC0B17-B7ED-436D-AD96-7BF6C648F914}.Debug|Any CPU.ActiveCfg = Debug|Any CPU
		{50AC0B17-B7ED-436D-AD96-7BF6C648F914}.Debug|Any CPU.Build.0 = Debug|Any CPU
		{50AC0B17-B7ED-436D-AD96-7BF6C648F914}.Release|Any CPU.ActiveCfg = Release|Any CPU
		{50AC0B17-B7ED-436D-AD96-7BF6C648F914}.Release|Any CPU.Build.0 = Release|Any CPU
		{FBCAF1BB-B6F7-4600-852C-94802860C1AB}.Debug|Any CPU.ActiveCfg = Debug|Any CPU
		{FBCAF1BB-B6F7-4600-852C-94802860C1AB}.Debug|Any CPU.Build.0 = Debug|Any CPU
		{FBCAF1BB-B6F7-4600-852C-94802860C1AB}.Release|Any CPU.ActiveCfg = Release|Any CPU
		{FBCAF1BB-B6F7-4600-852C-94802860C1AB}.Release|Any CPU.Build.0 = Release|Any CPU
		{CD33C3B3-74AC-4356-BB50-68F03BE10809}.Debug|Any CPU.ActiveCfg = Debug|Any CPU
		{CD33C3B3-74AC-4356-BB50-68F03BE10809}.Debug|Any CPU.Build.0 = Debug|Any CPU
		{CD33C3B3-74AC-4356-BB50-68F03BE10809}.Release|Any CPU.ActiveCfg = Release|Any CPU
		{CD33C3B3-74AC-4356-BB50-68F03BE10809}.Release|Any CPU.Build.0 = Release|Any CPU
		{0F00CA17-EC2A-4B75-B47E-3B8B6094C180}.Debug|Any CPU.ActiveCfg = Debug|Any CPU
		{0F00CA17-EC2A-4B75-B47E-3B8B6094C180}.Debug|Any CPU.Build.0 = Debug|Any CPU
		{0F00CA17-EC2A-4B75-B47E-3B8B6094C180}.Release|Any CPU.ActiveCfg = Release|Any CPU
		{0F00CA17-EC2A-4B75-B47E-3B8B6094C180}.Release|Any CPU.Build.0 = Release|Any CPU
		{2B097433-A9E4-41EE-AFF6-749945BEB27F}.Debug|Any CPU.ActiveCfg = Debug|Any CPU
		{2B097433-A9E4-41EE-AFF6-749945BEB27F}.Debug|Any CPU.Build.0 = Debug|Any CPU
		{2B097433-A9E4-41EE-AFF6-749945BEB27F}.Release|Any CPU.ActiveCfg = Release|Any CPU
		{2B097433-A9E4-41EE-AFF6-749945BEB27F}.Release|Any CPU.Build.0 = Release|Any CPU
		{C465EAE8-5A36-42B4-A82D-F707817D70EB}.Debug|Any CPU.ActiveCfg = Debug|Any CPU
		{C465EAE8-5A36-42B4-A82D-F707817D70EB}.Debug|Any CPU.Build.0 = Debug|Any CPU
		{C465EAE8-5A36-42B4-A82D-F707817D70EB}.Release|Any CPU.ActiveCfg = Release|Any CPU
		{C465EAE8-5A36-42B4-A82D-F707817D70EB}.Release|Any CPU.Build.0 = Release|Any CPU
		{D6C450AF-A254-4C04-BD1C-9125F8716EAB}.Debug|Any CPU.ActiveCfg = Debug|Any CPU
		{D6C450AF-A254-4C04-BD1C-9125F8716EAB}.Debug|Any CPU.Build.0 = Debug|Any CPU
		{D6C450AF-A254-4C04-BD1C-9125F8716EAB}.Release|Any CPU.ActiveCfg = Release|Any CPU
		{D6C450AF-A254-4C04-BD1C-9125F8716EAB}.Release|Any CPU.Build.0 = Release|Any CPU
	EndGlobalSection
	GlobalSection(SolutionProperties) = preSolution
		HideSolutionNode = FALSE
	EndGlobalSection
EndGlobal
